
Microsoft Visual Studio Solution File, Format Version 12.00
# Visual Studio Version 17
VisualStudioVersion = 17.5.33530.505
MinimumVisualStudioVersion = 10.0.40219.1
Project("{FAE04EC0-301F-11D3-BF4B-00C04F79EFBC}") = "LockBox", "LockBox\LockBox.csproj", "{7E0850B8-6827-43FC-8627-D42857EEE2EC}"
EndProject
Global
	GlobalSection(SolutionConfigurationPlatforms) = preSolution
		Debug|Any CPU = Debug|Any CPU
		Release|Any CPU = Release|Any CPU
	EndGlobalSection
	GlobalSection(ProjectConfigurationPlatforms) = postSolution
		{7E0850B8-6827-43FC-8627-D42857EEE2EC}.Debug|Any CPU.ActiveCfg = Debug|Any CPU
		{7E0850B8-6827-43FC-8627-D42857EEE2EC}.Debug|Any CPU.Build.0 = Debug|Any CPU
		{7E0850B8-6827-43FC-8627-D42857EEE2EC}.Release|Any CPU.ActiveCfg = Release|Any CPU
		{7E0850B8-6827-43FC-8627-D42857EEE2EC}.Release|Any CPU.Build.0 = Release|Any CPU
	EndGlobalSection
	GlobalSection(SolutionProperties) = preSolution
		HideSolutionNode = FALSE
	EndGlobalSection
	GlobalSection(ExtensibilityGlobals) = postSolution
		SolutionGuid = {FFD66D45-16A8-47C4-A932-1B67A38994BA}
	EndGlobalSection
EndGlobal
